// !$*UTF8*$!
{
	archiveVersion = 1;
	classes = {
	};
	objectVersion = 46;
	objects = {

/* Begin PBXBuildFile section */
		091A9C771AB0CD30007760AD /* adlarmicon.png in Resources */ = {isa = PBXBuildFile; fileRef = 091A9C761AB0CD30007760AD /* adlarmicon.png */; };
		09A78F411AB0A6F9005AE360 /* ADLARMLOGO.png in Resources */ = {isa = PBXBuildFile; fileRef = 09A78F401AB0A6F9005AE360 /* ADLARMLOGO.png */; };
		09B5B2411ABA1FA6004158E0 /* iAd.framework in Frameworks */ = {isa = PBXBuildFile; fileRef = 09B5B2401ABA1FA6004158E0 /* iAd.framework */; };
		693D442C1AC3527D0036390B /* iphonesong.aiff in Resources */ = {isa = PBXBuildFile; fileRef = 693D442B1AC3527D0036390B /* iphonesong.aiff */; };
		6943CC0A1AAF896900D32AD4 /* AppDelegate.swift in Sources */ = {isa = PBXBuildFile; fileRef = 6943CC091AAF896900D32AD4 /* AppDelegate.swift */; };
		6943CC0C1AAF896900D32AD4 /* ViewController.swift in Sources */ = {isa = PBXBuildFile; fileRef = 6943CC0B1AAF896900D32AD4 /* ViewController.swift */; };
		6943CC111AAF896900D32AD4 /* Images.xcassets in Resources */ = {isa = PBXBuildFile; fileRef = 6943CC101AAF896900D32AD4 /* Images.xcassets */; };
		6943CC141AAF896900D32AD4 /* LaunchScreen.xib in Resources */ = {isa = PBXBuildFile; fileRef = 6943CC121AAF896900D32AD4 /* LaunchScreen.xib */; };
		6943CC201AAF896900D32AD4 /* AdlarmTests.swift in Sources */ = {isa = PBXBuildFile; fileRef = 6943CC1F1AAF896900D32AD4 /* AdlarmTests.swift */; };
		6943CC2A1AAF897E00D32AD4 /* iphonesongw.wav in Resources */ = {isa = PBXBuildFile; fileRef = 6943CC291AAF897E00D32AD4 /* iphonesongw.wav */; };
		6943CC2C1AAF898300D32AD4 /* ad-250x500.png in Resources */ = {isa = PBXBuildFile; fileRef = 6943CC2B1AAF898300D32AD4 /* ad-250x500.png */; };
		6943CC2E1AAF899600D32AD4 /* AudioToolbox.framework in Frameworks */ = {isa = PBXBuildFile; fileRef = 6943CC2D1AAF899600D32AD4 /* AudioToolbox.framework */; };
		6943CC301AAF8A6800D32AD4 /* Main.storyboard in Resources */ = {isa = PBXBuildFile; fileRef = 6943CC2F1AAF8A6800D32AD4 /* Main.storyboard */; };
/* End PBXBuildFile section */

/* Begin PBXContainerItemProxy section */
		6943CC1A1AAF896900D32AD4 /* PBXContainerItemProxy */ = {
			isa = PBXContainerItemProxy;
			containerPortal = 6943CBFC1AAF896900D32AD4 /* Project object */;
			proxyType = 1;
			remoteGlobalIDString = 6943CC031AAF896900D32AD4;
			remoteInfo = Adlarm;
		};
/* End PBXContainerItemProxy section */

/* Begin PBXFileReference section */
		091A9C761AB0CD30007760AD /* adlarmicon.png */ = {isa = PBXFileReference; lastKnownFileType = image.png; path = adlarmicon.png; sourceTree = "<group>"; };
		09A78F401AB0A6F9005AE360 /* ADLARMLOGO.png */ = {isa = PBXFileReference; lastKnownFileType = image.png; path = ADLARMLOGO.png; sourceTree = "<group>"; };
		09B5B2401ABA1FA6004158E0 /* iAd.framework */ = {isa = PBXFileReference; lastKnownFileType = wrapper.framework; name = iAd.framework; path = System/Library/Frameworks/iAd.framework; sourceTree = SDKROOT; };
		693D442B1AC3527D0036390B /* iphonesong.aiff */ = {isa = PBXFileReference; lastKnownFileType = audio.aiff; path = iphonesong.aiff; sourceTree = "<group>"; };
		6943CC041AAF896900D32AD4 /* Adlarm.app */ = {isa = PBXFileReference; explicitFileType = wrapper.application; includeInIndex = 0; path = Adlarm.app; sourceTree = BUILT_PRODUCTS_DIR; };
		6943CC081AAF896900D32AD4 /* Info.plist */ = {isa = PBXFileReference; lastKnownFileType = text.plist.xml; path = Info.plist; sourceTree = "<group>"; };
		6943CC091AAF896900D32AD4 /* AppDelegate.swift */ = {isa = PBXFileReference; lastKnownFileType = sourcecode.swift; path = AppDelegate.swift; sourceTree = "<group>"; };
		6943CC0B1AAF896900D32AD4 /* ViewController.swift */ = {isa = PBXFileReference; lastKnownFileType = sourcecode.swift; path = ViewController.swift; sourceTree = "<group>"; };
		6943CC101AAF896900D32AD4 /* Images.xcassets */ = {isa = PBXFileReference; lastKnownFileType = folder.assetcatalog; path = Images.xcassets; sourceTree = "<group>"; };
		6943CC131AAF896900D32AD4 /* Base */ = {isa = PBXFileReference; lastKnownFileType = file.xib; name = Base; path = Base.lproj/LaunchScreen.xib; sourceTree = "<group>"; };
		6943CC191AAF896900D32AD4 /* AdlarmTests.xctest */ = {isa = PBXFileReference; explicitFileType = wrapper.cfbundle; includeInIndex = 0; path = AdlarmTests.xctest; sourceTree = BUILT_PRODUCTS_DIR; };
		6943CC1E1AAF896900D32AD4 /* Info.plist */ = {isa = PBXFileReference; lastKnownFileType = text.plist.xml; path = Info.plist; sourceTree = "<group>"; };
		6943CC1F1AAF896900D32AD4 /* AdlarmTests.swift */ = {isa = PBXFileReference; lastKnownFileType = sourcecode.swift; path = AdlarmTests.swift; sourceTree = "<group>"; };
		6943CC291AAF897E00D32AD4 /* iphonesongw.wav */ = {isa = PBXFileReference; lastKnownFileType = audio.wav; path = iphonesongw.wav; sourceTree = "<group>"; };
		6943CC2B1AAF898300D32AD4 /* ad-250x500.png */ = {isa = PBXFileReference; lastKnownFileType = image.png; path = "ad-250x500.png"; sourceTree = "<group>"; };
		6943CC2D1AAF899600D32AD4 /* AudioToolbox.framework */ = {isa = PBXFileReference; lastKnownFileType = wrapper.framework; name = AudioToolbox.framework; path = System/Library/Frameworks/AudioToolbox.framework; sourceTree = SDKROOT; };
		6943CC2F1AAF8A6800D32AD4 /* Main.storyboard */ = {isa = PBXFileReference; fileEncoding = 4; lastKnownFileType = file.storyboard; path = Main.storyboard; sourceTree = "<group>"; };
/* End PBXFileReference section */

/* Begin PBXFrameworksBuildPhase section */
		6943CC011AAF896900D32AD4 /* Frameworks */ = {
			isa = PBXFrameworksBuildPhase;
			buildActionMask = 2147483647;
			files = (
				09B5B2411ABA1FA6004158E0 /* iAd.framework in Frameworks */,
				6943CC2E1AAF899600D32AD4 /* AudioToolbox.framework in Frameworks */,
			);
			runOnlyForDeploymentPostprocessing = 0;
		};
		6943CC161AAF896900D32AD4 /* Frameworks */ = {
			isa = PBXFrameworksBuildPhase;
			buildActionMask = 2147483647;
			files = (
			);
			runOnlyForDeploymentPostprocessing = 0;
		};
/* End PBXFrameworksBuildPhase section */

/* Begin PBXGroup section */
		6943CBFB1AAF896900D32AD4 = {
			isa = PBXGroup;
			children = (
				09B5B2401ABA1FA6004158E0 /* iAd.framework */,
				6943CC2D1AAF899600D32AD4 /* AudioToolbox.framework */,
				6943CC061AAF896900D32AD4 /* Adlarm */,
				6943CC1C1AAF896900D32AD4 /* AdlarmTests */,
				6943CC051AAF896900D32AD4 /* Products */,
			);
			sourceTree = "<group>";
		};
		6943CC051AAF896900D32AD4 /* Products */ = {
			isa = PBXGroup;
			children = (
				6943CC041AAF896900D32AD4 /* Adlarm.app */,
				6943CC191AAF896900D32AD4 /* AdlarmTests.xctest */,
			);
			name = Products;
			sourceTree = "<group>";
		};
		6943CC061AAF896900D32AD4 /* Adlarm */ = {
			isa = PBXGroup;
			children = (
				091A9C761AB0CD30007760AD /* adlarmicon.png */,
				6943CC2B1AAF898300D32AD4 /* ad-250x500.png */,
				09A78F401AB0A6F9005AE360 /* ADLARMLOGO.png */,
				6943CC091AAF896900D32AD4 /* AppDelegate.swift */,
				693D442B1AC3527D0036390B /* iphonesong.aiff */,
				6943CC0B1AAF896900D32AD4 /* ViewController.swift */,
				6943CC101AAF896900D32AD4 /* Images.xcassets */,
				6943CC2F1AAF8A6800D32AD4 /* Main.storyboard */,
				6943CC121AAF896900D32AD4 /* LaunchScreen.xib */,
				6943CC071AAF896900D32AD4 /* Supporting Files */,
			);
			path = Adlarm;
			sourceTree = "<group>";
		};
		6943CC071AAF896900D32AD4 /* Supporting Files */ = {
			isa = PBXGroup;
			children = (
				6943CC081AAF896900D32AD4 /* Info.plist */,
				6943CC291AAF897E00D32AD4 /* iphonesongw.wav */,
			);
			name = "Supporting Files";
			sourceTree = "<group>";
		};
		6943CC1C1AAF896900D32AD4 /* AdlarmTests */ = {
			isa = PBXGroup;
			children = (
				6943CC1F1AAF896900D32AD4 /* AdlarmTests.swift */,
				6943CC1D1AAF896900D32AD4 /* Supporting Files */,
			);
			path = AdlarmTests;
			sourceTree = "<group>";
		};
		6943CC1D1AAF896900D32AD4 /* Supporting Files */ = {
			isa = PBXGroup;
			children = (
				6943CC1E1AAF896900D32AD4 /* Info.plist */,
			);
			name = "Supporting Files";
			sourceTree = "<group>";
		};
/* End PBXGroup section */

/* Begin PBXNativeTarget section */
		6943CC031AAF896900D32AD4 /* Adlarm */ = {
			isa = PBXNativeTarget;
			buildConfigurationList = 6943CC231AAF896900D32AD4 /* Build configuration list for PBXNativeTarget "Adlarm" */;
			buildPhases = (
				6943CC001AAF896900D32AD4 /* Sources */,
				6943CC011AAF896900D32AD4 /* Frameworks */,
				6943CC021AAF896900D32AD4 /* Resources */,
			);
			buildRules = (
			);
			dependencies = (
			);
			name = Adlarm;
			productName = Adlarm;
			productReference = 6943CC041AAF896900D32AD4 /* Adlarm.app */;
			productType = "com.apple.product-type.application";
		};
		6943CC181AAF896900D32AD4 /* AdlarmTests */ = {
			isa = PBXNativeTarget;
			buildConfigurationList = 6943CC261AAF896900D32AD4 /* Build configuration list for PBXNativeTarget "AdlarmTests" */;
			buildPhases = (
				6943CC151AAF896900D32AD4 /* Sources */,
				6943CC161AAF896900D32AD4 /* Frameworks */,
				6943CC171AAF896900D32AD4 /* Resources */,
			);
			buildRules = (
			);
			dependencies = (
				6943CC1B1AAF896900D32AD4 /* PBXTargetDependency */,
			);
			name = AdlarmTests;
			productName = AdlarmTests;
			productReference = 6943CC191AAF896900D32AD4 /* AdlarmTests.xctest */;
			productType = "com.apple.product-type.bundle.unit-test";
		};
/* End PBXNativeTarget section */

/* Begin PBXProject section */
		6943CBFC1AAF896900D32AD4 /* Project object */ = {
			isa = PBXProject;
			attributes = {
				LastUpgradeCheck = 0610;
				ORGANIZATIONNAME = "Zaveri, Rishi";
				TargetAttributes = {
					6943CC031AAF896900D32AD4 = {
						CreatedOnToolsVersion = 6.1;
					};
					6943CC181AAF896900D32AD4 = {
						CreatedOnToolsVersion = 6.1;
						TestTargetID = 6943CC031AAF896900D32AD4;
					};
				};
			};
			buildConfigurationList = 6943CBFF1AAF896900D32AD4 /* Build configuration list for PBXProject "Adlarm" */;
			compatibilityVersion = "Xcode 3.2";
			developmentRegion = English;
			hasScannedForEncodings = 0;
			knownRegions = (
				en,
				Base,
			);
			mainGroup = 6943CBFB1AAF896900D32AD4;
			productRefGroup = 6943CC051AAF896900D32AD4 /* Products */;
			projectDirPath = "";
			projectRoot = "";
			targets = (
				6943CC031AAF896900D32AD4 /* Adlarm */,
				6943CC181AAF896900D32AD4 /* AdlarmTests */,
			);
		};
/* End PBXProject section */

/* Begin PBXResourcesBuildPhase section */
		6943CC021AAF896900D32AD4 /* Resources */ = {
			isa = PBXResourcesBuildPhase;
			buildActionMask = 2147483647;
			files = (
				6943CC2A1AAF897E00D32AD4 /* iphonesongw.wav in Resources */,
				09A78F411AB0A6F9005AE360 /* ADLARMLOGO.png in Resources */,
				091A9C771AB0CD30007760AD /* adlarmicon.png in Resources */,
				6943CC2C1AAF898300D32AD4 /* ad-250x500.png in Resources */,
				6943CC301AAF8A6800D32AD4 /* Main.storyboard in Resources */,
				693D442C1AC3527D0036390B /* iphonesong.aiff in Resources */,
				6943CC141AAF896900D32AD4 /* LaunchScreen.xib in Resources */,
				6943CC111AAF896900D32AD4 /* Images.xcassets in Resources */,
			);
			runOnlyForDeploymentPostprocessing = 0;
		};
		6943CC171AAF896900D32AD4 /* Resources */ = {
			isa = PBXResourcesBuildPhase;
			buildActionMask = 2147483647;
			files = (
			);
			runOnlyForDeploymentPostprocessing = 0;
		};
/* End PBXResourcesBuildPhase section */

/* Begin PBXSourcesBuildPhase section */
		6943CC001AAF896900D32AD4 /* Sources */ = {
			isa = PBXSourcesBuildPhase;
			buildActionMask = 2147483647;
			files = (
				6943CC0C1AAF896900D32AD4 /* ViewController.swift in Sources */,
				6943CC0A1AAF896900D32AD4 /* AppDelegate.swift in Sources */,
			);
			runOnlyForDeploymentPostprocessing = 0;
		};
		6943CC151AAF896900D32AD4 /* Sources */ = {
			isa = PBXSourcesBuildPhase;
			buildActionMask = 2147483647;
			files = (
				6943CC201AAF896900D32AD4 /* AdlarmTests.swift in Sources */,
			);
			runOnlyForDeploymentPostprocessing = 0;
		};
/* End PBXSourcesBuildPhase section */

/* Begin PBXTargetDependency section */
		6943CC1B1AAF896900D32AD4 /* PBXTargetDependency */ = {
			isa = PBXTargetDependency;
			target = 6943CC031AAF896900D32AD4 /* Adlarm */;
			targetProxy = 6943CC1A1AAF896900D32AD4 /* PBXContainerItemProxy */;
		};
/* End PBXTargetDependency section */

/* Begin PBXVariantGroup section */
		6943CC121AAF896900D32AD4 /* LaunchScreen.xib */ = {
			isa = PBXVariantGroup;
			children = (
				6943CC131AAF896900D32AD4 /* Base */,
			);
			name = LaunchScreen.xib;
			sourceTree = "<group>";
		};
/* End PBXVariantGroup section */

/* Begin XCBuildConfiguration section */
		6943CC211AAF896900D32AD4 /* Debug */ = {
			isa = XCBuildConfiguration;
			buildSettings = {
				ALWAYS_SEARCH_USER_PATHS = NO;
				CLANG_CXX_LANGUAGE_STANDARD = "gnu++0x";
				CLANG_CXX_LIBRARY = "libc++";
				CLANG_ENABLE_MODULES = YES;
				CLANG_ENABLE_OBJC_ARC = YES;
				CLANG_WARN_BOOL_CONVERSION = YES;
				CLANG_WARN_CONSTANT_CONVERSION = YES;
				CLANG_WARN_DIRECT_OBJC_ISA_USAGE = YES_ERROR;
				CLANG_WARN_EMPTY_BODY = YES;
				CLANG_WARN_ENUM_CONVERSION = YES;
				CLANG_WARN_INT_CONVERSION = YES;
				CLANG_WARN_OBJC_ROOT_CLASS = YES_ERROR;
				CLANG_WARN_UNREACHABLE_CODE = YES;
				CLANG_WARN__DUPLICATE_METHOD_MATCH = YES;
				"CODE_SIGN_IDENTITY[sdk=iphoneos*]" = "iPhone Developer";
				COPY_PHASE_STRIP = NO;
				ENABLE_STRICT_OBJC_MSGSEND = YES;
				GCC_C_LANGUAGE_STANDARD = gnu99;
				GCC_DYNAMIC_NO_PIC = NO;
				GCC_OPTIMIZATION_LEVEL = 0;
				GCC_PREPROCESSOR_DEFINITIONS = (
					"DEBUG=1",
					"$(inherited)",
				);
				GCC_SYMBOLS_PRIVATE_EXTERN = NO;
				GCC_WARN_64_TO_32_BIT_CONVERSION = YES;
				GCC_WARN_ABOUT_RETURN_TYPE = YES_ERROR;
				GCC_WARN_UNDECLARED_SELECTOR = YES;
				GCC_WARN_UNINITIALIZED_AUTOS = YES_AGGRESSIVE;
				GCC_WARN_UNUSED_FUNCTION = YES;
				GCC_WARN_UNUSED_VARIABLE = YES;
				IPHONEOS_DEPLOYMENT_TARGET = 8.1;
				MTL_ENABLE_DEBUG_INFO = YES;
				ONLY_ACTIVE_ARCH = YES;
				SDKROOT = iphoneos;
				SWIFT_OPTIMIZATION_LEVEL = "-Onone";
			};
			name = Debug;
		};
		6943CC221AAF896900D32AD4 /* Release */ = {
			isa = XCBuildConfiguration;
			buildSettings = {
				ALWAYS_SEARCH_USER_PATHS = NO;
				CLANG_CXX_LANGUAGE_STANDARD = "gnu++0x";
				CLANG_CXX_LIBRARY = "libc++";
				CLANG_ENABLE_MODULES = YES;
				CLANG_ENABLE_OBJC_ARC = YES;
				CLANG_WARN_BOOL_CONVERSION = YES;
				CLANG_WARN_CONSTANT_CONVERSION = YES;
				CLANG_WARN_DIRECT_OBJC_ISA_USAGE = YES_ERROR;
				CLANG_WARN_EMPTY_BODY = YES;
				CLANG_WARN_ENUM_CONVERSION = YES;
				CLANG_WARN_INT_CONVERSION = YES;
				CLANG_WARN_OBJC_ROOT_CLASS = YES_ERROR;
				CLANG_WARN_UNREACHABLE_CODE = YES;
				CLANG_WARN__DUPLICATE_METHOD_MATCH = YES;
				"CODE_SIGN_IDENTITY[sdk=iphoneos*]" = "iPhone Developer";
				COPY_PHASE_STRIP = YES;
				ENABLE_NS_ASSERTIONS = NO;
				ENABLE_STRICT_OBJC_MSGSEND = YES;
				GCC_C_LANGUAGE_STANDARD = gnu99;
				GCC_WARN_64_TO_32_BIT_CONVERSION = YES;
				GCC_WARN_ABOUT_RETURN_TYPE = YES_ERROR;
				GCC_WARN_UNDECLARED_SELECTOR = YES;
				GCC_WARN_UNINITIALIZED_AUTOS = YES_AGGRESSIVE;
				GCC_WARN_UNUSED_FUNCTION = YES;
				GCC_WARN_UNUSED_VARIABLE = YES;
				IPHONEOS_DEPLOYMENT_TARGET = 8.1;
				MTL_ENABLE_DEBUG_INFO = NO;
				SDKROOT = iphoneos;
				VALIDATE_PRODUCT = YES;
			};
			name = Release;
		};
		6943CC241AAF896900D32AD4 /* Debug */ = {
			isa = XCBuildConfiguration;
			buildSettings = {
				ASSETCATALOG_COMPILER_APPICON_NAME = AppIcon;
				INFOPLIST_FILE = Adlarm/Info.plist;
				LD_RUNPATH_SEARCH_PATHS = "$(inherited) @executable_path/Frameworks";
				PRODUCT_NAME = "$(TARGET_NAME)";
			};
			name = Debug;
		};
		6943CC251AAF896900D32AD4 /* Release */ = {
			isa = XCBuildConfiguration;
			buildSettings = {
				ASSETCATALOG_COMPILER_APPICON_NAME = AppIcon;
				INFOPLIST_FILE = Adlarm/Info.plist;
				LD_RUNPATH_SEARCH_PATHS = "$(inherited) @executable_path/Frameworks";
				PRODUCT_NAME = "$(TARGET_NAME)";
			};
			name = Release;
		};
		6943CC271AAF896900D32AD4 /* Debug */ = {
			isa = XCBuildConfiguration;
			buildSettings = {
				BUNDLE_LOADER = "$(TEST_HOST)";
				FRAMEWORK_SEARCH_PATHS = (
					"$(SDKROOT)/Developer/Library/Frameworks",
					"$(inherited)",
				);
				GCC_PREPROCESSOR_DEFINITIONS = (
					"DEBUG=1",
					"$(inherited)",
				);
				INFOPLIST_FILE = AdlarmTests/Info.plist;
				LD_RUNPATH_SEARCH_PATHS = "$(inherited) @executable_path/Frameworks @loader_path/Frameworks";
				PRODUCT_NAME = "$(TARGET_NAME)";
				TEST_HOST = "$(BUILT_PRODUCTS_DIR)/Adlarm.app/Adlarm";
			};
			name = Debug;
		};
		6943CC281AAF896900D32AD4 /* Release */ = {
			isa = XCBuildConfiguration;
			buildSettings = {
				BUNDLE_LOADER = "$(TEST_HOST)";
				FRAMEWORK_SEARCH_PATHS = (
					"$(SDKROOT)/Developer/Library/Frameworks",
					"$(inherited)",
				);
				INFOPLIST_FILE = AdlarmTests/Info.plist;
				LD_RUNPATH_SEARCH_PATHS = "$(inherited) @executable_path/Frameworks @loader_path/Frameworks";
				PRODUCT_NAME = "$(TARGET_NAME)";
				TEST_HOST = "$(BUILT_PRODUCTS_DIR)/Adlarm.app/Adlarm";
			};
			name = Release;
		};
/* End XCBuildConfiguration section */

/* Begin XCConfigurationList section */
		6943CBFF1AAF896900D32AD4 /* Build configuration list for PBXProject "Adlarm" */ = {
			isa = XCConfigurationList;
			buildConfigurations = (
				6943CC211AAF896900D32AD4 /* Debug */,
				6943CC221AAF896900D32AD4 /* Release */,
			);
			defaultConfigurationIsVisible = 0;
			defaultConfigurationName = Release;
		};
		6943CC231AAF896900D32AD4 /* Build configuration list for PBXNativeTarget "Adlarm" */ = {
			isa = XCConfigurationList;
			buildConfigurations = (
				6943CC241AAF896900D32AD4 /* Debug */,
				6943CC251AAF896900D32AD4 /* Release */,
			);
			defaultConfigurationIsVisible = 0;
			defaultConfigurationName = Release;
		};
		6943CC261AAF896900D32AD4 /* Build configuration list for PBXNativeTarget "AdlarmTests" */ = {
			isa = XCConfigurationList;
			buildConfigurations = (
				6943CC271AAF896900D32AD4 /* Debug */,
				6943CC281AAF896900D32AD4 /* Release */,
			);
			defaultConfigurationIsVisible = 0;
			defaultConfigurationName = Release;
		};
/* End XCConfigurationList section */
	};
	rootObject = 6943CBFC1AAF896900D32AD4 /* Project object */;
}
